// !$*UTF8*$!
{
	archiveVersion = 1;
	classes = {
	};
	objectVersion = 56;
	objects = {

/* Begin PBXBuildFile section */
		0C91330829DF53B200F6A7D4 /* UsersView.swift in Sources */ = {isa = PBXBuildFile; fileRef = 0C91330729DF53B200F6A7D4 /* UsersView.swift */; };
		0C91330A29DF550200F6A7D4 /* User.swift in Sources */ = {isa = PBXBuildFile; fileRef = 0C91330929DF550200F6A7D4 /* User.swift */; };
		0C91330E29E081DD00F6A7D4 /* SideMenuItem.swift in Sources */ = {isa = PBXBuildFile; fileRef = 0C91330D29E081DD00F6A7D4 /* SideMenuItem.swift */; };
		0CF8EDD229DED4E900B4589B /* JourneyCRMApp.swift in Sources */ = {isa = PBXBuildFile; fileRef = 0CF8EDD129DED4E900B4589B /* JourneyCRMApp.swift */; };
		0CF8EDD429DED4E900B4589B /* ContentView.swift in Sources */ = {isa = PBXBuildFile; fileRef = 0CF8EDD329DED4E900B4589B /* ContentView.swift */; };
		0CF8EDD629DED4EB00B4589B /* Assets.xcassets in Resources */ = {isa = PBXBuildFile; fileRef = 0CF8EDD529DED4EB00B4589B /* Assets.xcassets */; };
		0CF8EDD929DED4EB00B4589B /* Preview Assets.xcassets in Resources */ = {isa = PBXBuildFile; fileRef = 0CF8EDD829DED4EB00B4589B /* Preview Assets.xcassets */; };
		0CF8EDE129DEE0A300B4589B /* FirebaseAuth in Frameworks */ = {isa = PBXBuildFile; productRef = 0CF8EDE029DEE0A300B4589B /* FirebaseAuth */; };
		0CF8EDE329DEE0A300B4589B /* FirebaseFirestore in Frameworks */ = {isa = PBXBuildFile; productRef = 0CF8EDE229DEE0A300B4589B /* FirebaseFirestore */; };
		0CF8EDE529DEE1C700B4589B /* GoogleService-Info.plist in Resources */ = {isa = PBXBuildFile; fileRef = 0CF8EDE429DEE1C600B4589B /* GoogleService-Info.plist */; };
		0CF8EDE729DEEA4300B4589B /* JourneyView.swift in Sources */ = {isa = PBXBuildFile; fileRef = 0CF8EDE629DEEA4300B4589B /* JourneyView.swift */; };
		0CF8EDE929DEEADB00B4589B /* Journey.swift in Sources */ = {isa = PBXBuildFile; fileRef = 0CF8EDE829DEEADB00B4589B /* Journey.swift */; };
		0CF8EDEB29DEEE3E00B4589B /* DataManager.swift in Sources */ = {isa = PBXBuildFile; fileRef = 0CF8EDEA29DEEE3E00B4589B /* DataManager.swift */; };
		0CF8EDED29DEF4EA00B4589B /* NewJourney.swift in Sources */ = {isa = PBXBuildFile; fileRef = 0CF8EDEC29DEF4EA00B4589B /* NewJourney.swift */; };
/* End PBXBuildFile section */

/* Begin PBXFileReference section */
		0C91330729DF53B200F6A7D4 /* UsersView.swift */ = {isa = PBXFileReference; lastKnownFileType = sourcecode.swift; path = UsersView.swift; sourceTree = "<group>"; };
		0C91330929DF550200F6A7D4 /* User.swift */ = {isa = PBXFileReference; lastKnownFileType = sourcecode.swift; path = User.swift; sourceTree = "<group>"; };
		0C91330D29E081DD00F6A7D4 /* SideMenuItem.swift */ = {isa = PBXFileReference; lastKnownFileType = sourcecode.swift; path = SideMenuItem.swift; sourceTree = "<group>"; };
		0CF8EDCE29DED4E900B4589B /* JourneyCRM.app */ = {isa = PBXFileReference; explicitFileType = wrapper.application; includeInIndex = 0; path = JourneyCRM.app; sourceTree = BUILT_PRODUCTS_DIR; };
		0CF8EDD129DED4E900B4589B /* JourneyCRMApp.swift */ = {isa = PBXFileReference; lastKnownFileType = sourcecode.swift; path = JourneyCRMApp.swift; sourceTree = "<group>"; };
		0CF8EDD329DED4E900B4589B /* ContentView.swift */ = {isa = PBXFileReference; lastKnownFileType = sourcecode.swift; path = ContentView.swift; sourceTree = "<group>"; };
		0CF8EDD529DED4EB00B4589B /* Assets.xcassets */ = {isa = PBXFileReference; lastKnownFileType = folder.assetcatalog; path = Assets.xcassets; sourceTree = "<group>"; };
		0CF8EDD829DED4EB00B4589B /* Preview Assets.xcassets */ = {isa = PBXFileReference; lastKnownFileType = folder.assetcatalog; path = "Preview Assets.xcassets"; sourceTree = "<group>"; };
		0CF8EDE429DEE1C600B4589B /* GoogleService-Info.plist */ = {isa = PBXFileReference; fileEncoding = 4; lastKnownFileType = text.plist.xml; path = "GoogleService-Info.plist"; sourceTree = "<group>"; };
		0CF8EDE629DEEA4300B4589B /* JourneyView.swift */ = {isa = PBXFileReference; lastKnownFileType = sourcecode.swift; path = JourneyView.swift; sourceTree = "<group>"; };
		0CF8EDE829DEEADB00B4589B /* Journey.swift */ = {isa = PBXFileReference; lastKnownFileType = sourcecode.swift; path = Journey.swift; sourceTree = "<group>"; };
		0CF8EDEA29DEEE3E00B4589B /* DataManager.swift */ = {isa = PBXFileReference; lastKnownFileType = sourcecode.swift; path = DataManager.swift; sourceTree = "<group>"; };
		0CF8EDEC29DEF4EA00B4589B /* NewJourney.swift */ = {isa = PBXFileReference; lastKnownFileType = sourcecode.swift; path = NewJourney.swift; sourceTree = "<group>"; };
/* End PBXFileReference section */

/* Begin PBXFrameworksBuildPhase section */
		0CF8EDCB29DED4E900B4589B /* Frameworks */ = {
			isa = PBXFrameworksBuildPhase;
			buildActionMask = 2147483647;
			files = (
				0CF8EDE129DEE0A300B4589B /* FirebaseAuth in Frameworks */,
				0CF8EDE329DEE0A300B4589B /* FirebaseFirestore in Frameworks */,
			);
			runOnlyForDeploymentPostprocessing = 0;
		};
/* End PBXFrameworksBuildPhase section */

/* Begin PBXGroup section */
		0CF8EDC529DED4E900B4589B = {
			isa = PBXGroup;
			children = (
				0CF8EDD029DED4E900B4589B /* JourneyCRM */,
				0CF8EDCF29DED4E900B4589B /* Products */,
			);
			sourceTree = "<group>";
		};
		0CF8EDCF29DED4E900B4589B /* Products */ = {
			isa = PBXGroup;
			children = (
				0CF8EDCE29DED4E900B4589B /* JourneyCRM.app */,
			);
			name = Products;
			sourceTree = "<group>";
		};
		0CF8EDD029DED4E900B4589B /* JourneyCRM */ = {
			isa = PBXGroup;
			children = (
				0CF8EDD129DED4E900B4589B /* JourneyCRMApp.swift */,
				0CF8EDD329DED4E900B4589B /* ContentView.swift */,
				0CF8EDE629DEEA4300B4589B /* JourneyView.swift */,
				0C91330729DF53B200F6A7D4 /* UsersView.swift */,
				0C91330D29E081DD00F6A7D4 /* SideMenuItem.swift */,
				0CF8EDEC29DEF4EA00B4589B /* NewJourney.swift */,
				0CF8EDE829DEEADB00B4589B /* Journey.swift */,
				0C91330929DF550200F6A7D4 /* User.swift */,
				0CF8EDEA29DEEE3E00B4589B /* DataManager.swift */,
				0CF8EDD529DED4EB00B4589B /* Assets.xcassets */,
				0CF8EDE429DEE1C600B4589B /* GoogleService-Info.plist */,
				0CF8EDD729DED4EB00B4589B /* Preview Content */,
			);
			path = JourneyCRM;
			sourceTree = "<group>";
		};
		0CF8EDD729DED4EB00B4589B /* Preview Content */ = {
			isa = PBXGroup;
			children = (
				0CF8EDD829DED4EB00B4589B /* Preview Assets.xcassets */,
			);
			path = "Preview Content";
			sourceTree = "<group>";
		};
/* End PBXGroup section */

/* Begin PBXNativeTarget section */
		0CF8EDCD29DED4E900B4589B /* JourneyCRM */ = {
			isa = PBXNativeTarget;
			buildConfigurationList = 0CF8EDDC29DED4EB00B4589B /* Build configuration list for PBXNativeTarget "JourneyCRM" */;
			buildPhases = (
				0CF8EDCA29DED4E900B4589B /* Sources */,
				0CF8EDCB29DED4E900B4589B /* Frameworks */,
				0CF8EDCC29DED4E900B4589B /* Resources */,
			);
			buildRules = (
			);
			dependencies = (
			);
			name = JourneyCRM;
			packageProductDependencies = (
				0CF8EDE029DEE0A300B4589B /* FirebaseAuth */,
				0CF8EDE229DEE0A300B4589B /* FirebaseFirestore */,
			);
			productName = JourneyCRM;
			productReference = 0CF8EDCE29DED4E900B4589B /* JourneyCRM.app */;
			productType = "com.apple.product-type.application";
		};
/* End PBXNativeTarget section */

/* Begin PBXProject section */
		0CF8EDC629DED4E900B4589B /* Project object */ = {
			isa = PBXProject;
			attributes = {
				BuildIndependentTargetsInParallel = 1;
				LastSwiftUpdateCheck = 1410;
				LastUpgradeCheck = 1410;
				TargetAttributes = {
					0CF8EDCD29DED4E900B4589B = {
						CreatedOnToolsVersion = 14.1;
					};
				};
			};
			buildConfigurationList = 0CF8EDC929DED4E900B4589B /* Build configuration list for PBXProject "JourneyCRM" */;
			compatibilityVersion = "Xcode 14.0";
			developmentRegion = en;
			hasScannedForEncodings = 0;
			knownRegions = (
				en,
				Base,
			);
			mainGroup = 0CF8EDC529DED4E900B4589B;
			packageReferences = (
				0CF8EDDF29DEE0A300B4589B /* XCRemoteSwiftPackageReference "firebase-ios-sdk" */,
			);
			productRefGroup = 0CF8EDCF29DED4E900B4589B /* Products */;
			projectDirPath = "";
			projectRoot = "";
			targets = (
				0CF8EDCD29DED4E900B4589B /* JourneyCRM */,
			);
		};
/* End PBXProject section */

/* Begin PBXResourcesBuildPhase section */
		0CF8EDCC29DED4E900B4589B /* Resources */ = {
			isa = PBXResourcesBuildPhase;
			buildActionMask = 2147483647;
			files = (
				0CF8EDD929DED4EB00B4589B /* Preview Assets.xcassets in Resources */,
				0CF8EDD629DED4EB00B4589B /* Assets.xcassets in Resources */,
				0CF8EDE529DEE1C700B4589B /* GoogleService-Info.plist in Resources */,
			);
			runOnlyForDeploymentPostprocessing = 0;
		};
/* End PBXResourcesBuildPhase section */

/* Begin PBXSourcesBuildPhase section */
		0CF8EDCA29DED4E900B4589B /* Sources */ = {
			isa = PBXSourcesBuildPhase;
			buildActionMask = 2147483647;
			files = (
				0CF8EDE929DEEADB00B4589B /* Journey.swift in Sources */,
				0CF8EDED29DEF4EA00B4589B /* NewJourney.swift in Sources */,
				0C91330E29E081DD00F6A7D4 /* SideMenuItem.swift in Sources */,
				0CF8EDEB29DEEE3E00B4589B /* DataManager.swift in Sources */,
				0CF8EDD429DED4E900B4589B /* ContentView.swift in Sources */,
				0C91330A29DF550200F6A7D4 /* User.swift in Sources */,
				0CF8EDE729DEEA4300B4589B /* JourneyView.swift in Sources */,
				0C91330829DF53B200F6A7D4 /* UsersView.swift in Sources */,
				0CF8EDD229DED4E900B4589B /* JourneyCRMApp.swift in Sources */,
			);
			runOnlyForDeploymentPostprocessing = 0;
		};
/* End PBXSourcesBuildPhase section */

/* Begin XCBuildConfiguration section */
		0CF8EDDA29DED4EB00B4589B /* Debug */ = {
			isa = XCBuildConfiguration;
			buildSettings = {
				ALWAYS_SEARCH_USER_PATHS = NO;
				CLANG_ANALYZER_NONNULL = YES;
				CLANG_ANALYZER_NUMBER_OBJECT_CONVERSION = YES_AGGRESSIVE;
				CLANG_CXX_LANGUAGE_STANDARD = "gnu++20";
				CLANG_ENABLE_MODULES = YES;
				CLANG_ENABLE_OBJC_ARC = YES;
				CLANG_ENABLE_OBJC_WEAK = YES;
				CLANG_WARN_BLOCK_CAPTURE_AUTORELEASING = YES;
				CLANG_WARN_BOOL_CONVERSION = YES;
				CLANG_WARN_COMMA = YES;
				CLANG_WARN_CONSTANT_CONVERSION = YES;
				CLANG_WARN_DEPRECATED_OBJC_IMPLEMENTATIONS = YES;
				CLANG_WARN_DIRECT_OBJC_ISA_USAGE = YES_ERROR;
				CLANG_WARN_DOCUMENTATION_COMMENTS = YES;
				CLANG_WARN_EMPTY_BODY = YES;
				CLANG_WARN_ENUM_CONVERSION = YES;
				CLANG_WARN_INFINITE_RECURSION = YES;
				CLANG_WARN_INT_CONVERSION = YES;
				CLANG_WARN_NON_LITERAL_NULL_CONVERSION = YES;
				CLANG_WARN_OBJC_IMPLICIT_RETAIN_SELF = YES;
				CLANG_WARN_OBJC_LITERAL_CONVERSION = YES;
				CLANG_WARN_OBJC_ROOT_CLASS = YES_ERROR;
				CLANG_WARN_QUOTED_INCLUDE_IN_FRAMEWORK_HEADER = YES;
				CLANG_WARN_RANGE_LOOP_ANALYSIS = YES;
				CLANG_WARN_STRICT_PROTOTYPES = YES;
				CLANG_WARN_SUSPICIOUS_MOVE = YES;
				CLANG_WARN_UNGUARDED_AVAILABILITY = YES_AGGRESSIVE;
				CLANG_WARN_UNREACHABLE_CODE = YES;
				CLANG_WARN__DUPLICATE_METHOD_MATCH = YES;
				COPY_PHASE_STRIP = NO;
				DEBUG_INFORMATION_FORMAT = dwarf;
				ENABLE_STRICT_OBJC_MSGSEND = YES;
				ENABLE_TESTABILITY = YES;
				GCC_C_LANGUAGE_STANDARD = gnu11;
				GCC_DYNAMIC_NO_PIC = NO;
				GCC_NO_COMMON_BLOCKS = YES;
				GCC_OPTIMIZATION_LEVEL = 0;
				GCC_PREPROCESSOR_DEFINITIONS = (
					"DEBUG=1",
					"$(inherited)",
				);
				GCC_WARN_64_TO_32_BIT_CONVERSION = YES;
				GCC_WARN_ABOUT_RETURN_TYPE = YES_ERROR;
				GCC_WARN_UNDECLARED_SELECTOR = YES;
				GCC_WARN_UNINITIALIZED_AUTOS = YES_AGGRESSIVE;
				GCC_WARN_UNUSED_FUNCTION = YES;
				GCC_WARN_UNUSED_VARIABLE = YES;
				IPHONEOS_DEPLOYMENT_TARGET = 16.1;
				MTL_ENABLE_DEBUG_INFO = INCLUDE_SOURCE;
				MTL_FAST_MATH = YES;
				ONLY_ACTIVE_ARCH = YES;
				SDKROOT = iphoneos;
				SWIFT_ACTIVE_COMPILATION_CONDITIONS = DEBUG;
				SWIFT_OPTIMIZATION_LEVEL = "-Onone";
			};
			name = Debug;
		};
		0CF8EDDB29DED4EB00B4589B /* Release */ = {
			isa = XCBuildConfiguration;
			buildSettings = {
				ALWAYS_SEARCH_USER_PATHS = NO;
				CLANG_ANALYZER_NONNULL = YES;
				CLANG_ANALYZER_NUMBER_OBJECT_CONVERSION = YES_AGGRESSIVE;
				CLANG_CXX_LANGUAGE_STANDARD = "gnu++20";
				CLANG_ENABLE_MODULES = YES;
				CLANG_ENABLE_OBJC_ARC = YES;
				CLANG_ENABLE_OBJC_WEAK = YES;
				CLANG_WARN_BLOCK_CAPTURE_AUTORELEASING = YES;
				CLANG_WARN_BOOL_CONVERSION = YES;
				CLANG_WARN_COMMA = YES;
				CLANG_WARN_CONSTANT_CONVERSION = YES;
				CLANG_WARN_DEPRECATED_OBJC_IMPLEMENTATIONS = YES;
				CLANG_WARN_DIRECT_OBJC_ISA_USAGE = YES_ERROR;
				CLANG_WARN_DOCUMENTATION_COMMENTS = YES;
				CLANG_WARN_EMPTY_BODY = YES;
				CLANG_WARN_ENUM_CONVERSION = YES;
				CLANG_WARN_INFINITE_RECURSION = YES;
				CLANG_WARN_INT_CONVERSION = YES;
				CLANG_WARN_NON_LITERAL_NULL_CONVERSION = YES;
				CLANG_WARN_OBJC_IMPLICIT_RETAIN_SELF = YES;
				CLANG_WARN_OBJC_LITERAL_CONVERSION = YES;
				CLANG_WARN_OBJC_ROOT_CLASS = YES_ERROR;
				CLANG_WARN_QUOTED_INCLUDE_IN_FRAMEWORK_HEADER = YES;
				CLANG_WARN_RANGE_LOOP_ANALYSIS = YES;
				CLANG_WARN_STRICT_PROTOTYPES = YES;
				CLANG_WARN_SUSPICIOUS_MOVE = YES;
				CLANG_WARN_UNGUARDED_AVAILABILITY = YES_AGGRESSIVE;
				CLANG_WARN_UNREACHABLE_CODE = YES;
				CLANG_WARN__DUPLICATE_METHOD_MATCH = YES;
				COPY_PHASE_STRIP = NO;
				DEBUG_INFORMATION_FORMAT = "dwarf-with-dsym";
				ENABLE_NS_ASSERTIONS = NO;
				ENABLE_STRICT_OBJC_MSGSEND = YES;
				GCC_C_LANGUAGE_STANDARD = gnu11;
				GCC_NO_COMMON_BLOCKS = YES;
				GCC_WARN_64_TO_32_BIT_CONVERSION = YES;
				GCC_WARN_ABOUT_RETURN_TYPE = YES_ERROR;
				GCC_WARN_UNDECLARED_SELECTOR = YES;
				GCC_WARN_UNINITIALIZED_AUTOS = YES_AGGRESSIVE;
				GCC_WARN_UNUSED_FUNCTION = YES;
				GCC_WARN_UNUSED_VARIABLE = YES;
				IPHONEOS_DEPLOYMENT_TARGET = 16.1;
				MTL_ENABLE_DEBUG_INFO = NO;
				MTL_FAST_MATH = YES;
				SDKROOT = iphoneos;
				SWIFT_COMPILATION_MODE = wholemodule;
				SWIFT_OPTIMIZATION_LEVEL = "-O";
				VALIDATE_PRODUCT = YES;
			};
			name = Release;
		};
		0CF8EDDD29DED4EB00B4589B /* Debug */ = {
			isa = XCBuildConfiguration;
			buildSettings = {
				ASSETCATALOG_COMPILER_APPICON_NAME = AppIcon;
				ASSETCATALOG_COMPILER_GLOBAL_ACCENT_COLOR_NAME = AccentColor;
				CODE_SIGN_STYLE = Automatic;
				CURRENT_PROJECT_VERSION = 1;
				DEVELOPMENT_ASSET_PATHS = "\"JourneyCRM/Preview Content\"";
				DEVELOPMENT_TEAM = KM8G9U2FRX;
				ENABLE_PREVIEWS = YES;
				GENERATE_INFOPLIST_FILE = YES;
				INFOPLIST_KEY_UIApplicationSceneManifest_Generation = YES;
				INFOPLIST_KEY_UIApplicationSupportsIndirectInputEvents = YES;
				INFOPLIST_KEY_UILaunchScreen_Generation = YES;
				INFOPLIST_KEY_UISupportedInterfaceOrientations_iPad = "UIInterfaceOrientationPortrait UIInterfaceOrientationPortraitUpsideDown UIInterfaceOrientationLandscapeLeft UIInterfaceOrientationLandscapeRight";
				INFOPLIST_KEY_UISupportedInterfaceOrientations_iPhone = "UIInterfaceOrientationPortrait UIInterfaceOrientationLandscapeLeft UIInterfaceOrientationLandscapeRight";
				LD_RUNPATH_SEARCH_PATHS = (
					"$(inherited)",
					"@executable_path/Frameworks",
				);
				MARKETING_VERSION = 1.0;
				PRODUCT_BUNDLE_IDENTIFIER = forkipe.SWIFT.JourneyCRM;
				PRODUCT_NAME = "$(TARGET_NAME)";
				SWIFT_EMIT_LOC_STRINGS = YES;
				SWIFT_VERSION = 5.0;
				TARGETED_DEVICE_FAMILY = "1,2";
			};
			name = Debug;
		};
		0CF8EDDE29DED4EB00B4589B /* Release */ = {
			isa = XCBuildConfiguration;
			buildSettings = {
				ASSETCATALOG_COMPILER_APPICON_NAME = AppIcon;
				ASSETCATALOG_COMPILER_GLOBAL_ACCENT_COLOR_NAME = AccentColor;
				CODE_SIGN_STYLE = Automatic;
				CURRENT_PROJECT_VERSION = 1;
				DEVELOPMENT_ASSET_PATHS = "\"JourneyCRM/Preview Content\"";
				DEVELOPMENT_TEAM = KM8G9U2FRX;
				ENABLE_PREVIEWS = YES;
				GENERATE_INFOPLIST_FILE = YES;
				INFOPLIST_KEY_UIApplicationSceneManifest_Generation = YES;
				INFOPLIST_KEY_UIApplicationSupportsIndirectInputEvents = YES;
				INFOPLIST_KEY_UILaunchScreen_Generation = YES;
				INFOPLIST_KEY_UISupportedInterfaceOrientations_iPad = "UIInterfaceOrientationPortrait UIInterfaceOrientationPortraitUpsideDown UIInterfaceOrientationLandscapeLeft UIInterfaceOrientationLandscapeRight";
				INFOPLIST_KEY_UISupportedInterfaceOrientations_iPhone = "UIInterfaceOrientationPortrait UIInterfaceOrientationLandscapeLeft UIInterfaceOrientationLandscapeRight";
				LD_RUNPATH_SEARCH_PATHS = (
					"$(inherited)",
					"@executable_path/Frameworks",
				);
				MARKETING_VERSION = 1.0;
				PRODUCT_BUNDLE_IDENTIFIER = forkipe.SWIFT.JourneyCRM;
				PRODUCT_NAME = "$(TARGET_NAME)";
				SWIFT_EMIT_LOC_STRINGS = YES;
				SWIFT_VERSION = 5.0;
				TARGETED_DEVICE_FAMILY = "1,2";
			};
			name = Release;
		};
/* End XCBuildConfiguration section */

/* Begin XCConfigurationList section */
		0CF8EDC929DED4E900B4589B /* Build configuration list for PBXProject "JourneyCRM" */ = {
			isa = XCConfigurationList;
			buildConfigurations = (
				0CF8EDDA29DED4EB00B4589B /* Debug */,
				0CF8EDDB29DED4EB00B4589B /* Release */,
			);
			defaultConfigurationIsVisible = 0;
			defaultConfigurationName = Release;
		};
		0CF8EDDC29DED4EB00B4589B /* Build configuration list for PBXNativeTarget "JourneyCRM" */ = {
			isa = XCConfigurationList;
			buildConfigurations = (
				0CF8EDDD29DED4EB00B4589B /* Debug */,
				0CF8EDDE29DED4EB00B4589B /* Release */,
			);
			defaultConfigurationIsVisible = 0;
			defaultConfigurationName = Release;
		};
/* End XCConfigurationList section */

/* Begin XCRemoteSwiftPackageReference section */
		0CF8EDDF29DEE0A300B4589B /* XCRemoteSwiftPackageReference "firebase-ios-sdk" */ = {
			isa = XCRemoteSwiftPackageReference;
			repositoryURL = "https://github.com/firebase/firebase-ios-sdk.git";
			requirement = {
				kind = upToNextMajorVersion;
				minimumVersion = 9.0.0;
			};
		};
/* End XCRemoteSwiftPackageReference section */

/* Begin XCSwiftPackageProductDependency section */
		0CF8EDE029DEE0A300B4589B /* FirebaseAuth */ = {
			isa = XCSwiftPackageProductDependency;
			package = 0CF8EDDF29DEE0A300B4589B /* XCRemoteSwiftPackageReference "firebase-ios-sdk" */;
			productName = FirebaseAuth;
		};
		0CF8EDE229DEE0A300B4589B /* FirebaseFirestore */ = {
			isa = XCSwiftPackageProductDependency;
			package = 0CF8EDDF29DEE0A300B4589B /* XCRemoteSwiftPackageReference "firebase-ios-sdk" */;
			productName = FirebaseFirestore;
		};
/* End XCSwiftPackageProductDependency section */
	};
	rootObject = 0CF8EDC629DED4E900B4589B /* Project object */;
}
